// !$*UTF8*$!
{
	archiveVersion = 1;
	classes = {
	};
	objectVersion = 46;
	objects = {

/* Begin PBXBuildFile section */
		603484C518F5DF3A008C38A3 /* Foundation.framework in Frameworks */ = {isa = PBXBuildFile; fileRef = 603484C418F5DF3A008C38A3 /* Foundation.framework */; };
		603484C718F5DF3A008C38A3 /* CoreGraphics.framework in Frameworks */ = {isa = PBXBuildFile; fileRef = 603484C618F5DF3A008C38A3 /* CoreGraphics.framework */; };
		603484C918F5DF3A008C38A3 /* UIKit.framework in Frameworks */ = {isa = PBXBuildFile; fileRef = 603484C818F5DF3A008C38A3 /* UIKit.framework */; };
		603484CF18F5DF3A008C38A3 /* InfoPlist.strings in Resources */ = {isa = PBXBuildFile; fileRef = 603484CD18F5DF3A008C38A3 /* InfoPlist.strings */; };
		603484D118F5DF3A008C38A3 /* main.m in Sources */ = {isa = PBXBuildFile; fileRef = 603484D018F5DF3A008C38A3 /* main.m */; };
		603484D518F5DF3A008C38A3 /* AppDelegate.m in Sources */ = {isa = PBXBuildFile; fileRef = 603484D418F5DF3A008C38A3 /* AppDelegate.m */; };
		603484D818F5DF3B008C38A3 /* Main.storyboard in Resources */ = {isa = PBXBuildFile; fileRef = 603484D618F5DF3B008C38A3 /* Main.storyboard */; };
		603484DB18F5DF3B008C38A3 /* ViewController.m in Sources */ = {isa = PBXBuildFile; fileRef = 603484DA18F5DF3B008C38A3 /* ViewController.m */; };
		603484DD18F5DF3B008C38A3 /* Images.xcassets in Resources */ = {isa = PBXBuildFile; fileRef = 603484DC18F5DF3B008C38A3 /* Images.xcassets */; };
		603484E418F5DF3B008C38A3 /* XCTest.framework in Frameworks */ = {isa = PBXBuildFile; fileRef = 603484E318F5DF3B008C38A3 /* XCTest.framework */; };
		603484E518F5DF3B008C38A3 /* Foundation.framework in Frameworks */ = {isa = PBXBuildFile; fileRef = 603484C418F5DF3A008C38A3 /* Foundation.framework */; };
		603484E618F5DF3B008C38A3 /* UIKit.framework in Frameworks */ = {isa = PBXBuildFile; fileRef = 603484C818F5DF3A008C38A3 /* UIKit.framework */; };
		603484EE18F5DF3B008C38A3 /* InfoPlist.strings in Resources */ = {isa = PBXBuildFile; fileRef = 603484EC18F5DF3B008C38A3 /* InfoPlist.strings */; };
		603484F018F5DF3B008C38A3 /* _19_ViewsTestTests.m in Sources */ = {isa = PBXBuildFile; fileRef = 603484EF18F5DF3B008C38A3 /* _19_ViewsTestTests.m */; };
/* End PBXBuildFile section */

/* Begin PBXContainerItemProxy section */
		603484E718F5DF3B008C38A3 /* PBXContainerItemProxy */ = {
			isa = PBXContainerItemProxy;
			containerPortal = 603484B918F5DF3A008C38A3 /* Project object */;
			proxyType = 1;
			remoteGlobalIDString = 603484C018F5DF3A008C38A3;
			remoteInfo = _19_ViewsTest;
		};
/* End PBXContainerItemProxy section */

/* Begin PBXFileReference section */
		603484C118F5DF3A008C38A3 /* _19_ViewsTest.app */ = {isa = PBXFileReference; explicitFileType = wrapper.application; includeInIndex = 0; path = _19_ViewsTest.app; sourceTree = BUILT_PRODUCTS_DIR; };
		603484C418F5DF3A008C38A3 /* Foundation.framework */ = {isa = PBXFileReference; lastKnownFileType = wrapper.framework; name = Foundation.framework; path = System/Library/Frameworks/Foundation.framework; sourceTree = SDKROOT; };
		603484C618F5DF3A008C38A3 /* CoreGraphics.framework */ = {isa = PBXFileReference; lastKnownFileType = wrapper.framework; name = CoreGraphics.framework; path = System/Library/Frameworks/CoreGraphics.framework; sourceTree = SDKROOT; };
		603484C818F5DF3A008C38A3 /* UIKit.framework */ = {isa = PBXFileReference; lastKnownFileType = wrapper.framework; name = UIKit.framework; path = System/Library/Frameworks/UIKit.framework; sourceTree = SDKROOT; };
		603484CC18F5DF3A008C38A3 /* _19_ViewsTest-Info.plist */ = {isa = PBXFileReference; lastKnownFileType = text.plist.xml; path = "_19_ViewsTest-Info.plist"; sourceTree = "<group>"; };
		603484CE18F5DF3A008C38A3 /* en */ = {isa = PBXFileReference; lastKnownFileType = text.plist.strings; name = en; path = en.lproj/InfoPlist.strings; sourceTree = "<group>"; };
		603484D018F5DF3A008C38A3 /* main.m */ = {isa = PBXFileReference; lastKnownFileType = sourcecode.c.objc; path = main.m; sourceTree = "<group>"; };
		603484D218F5DF3A008C38A3 /* _19_ViewsTest-Prefix.pch */ = {isa = PBXFileReference; lastKnownFileType = sourcecode.c.h; path = "_19_ViewsTest-Prefix.pch"; sourceTree = "<group>"; };
		603484D318F5DF3A008C38A3 /* AppDelegate.h */ = {isa = PBXFileReference; lastKnownFileType = sourcecode.c.h; path = AppDelegate.h; sourceTree = "<group>"; };
		603484D418F5DF3A008C38A3 /* AppDelegate.m */ = {isa = PBXFileReference; lastKnownFileType = sourcecode.c.objc; path = AppDelegate.m; sourceTree = "<group>"; };
		603484D718F5DF3B008C38A3 /* Base */ = {isa = PBXFileReference; lastKnownFileType = file.storyboard; name = Base; path = Base.lproj/Main.storyboard; sourceTree = "<group>"; };
		603484D918F5DF3B008C38A3 /* ViewController.h */ = {isa = PBXFileReference; lastKnownFileType = sourcecode.c.h; path = ViewController.h; sourceTree = "<group>"; };
		603484DA18F5DF3B008C38A3 /* ViewController.m */ = {isa = PBXFileReference; lastKnownFileType = sourcecode.c.objc; path = ViewController.m; sourceTree = "<group>"; };
		603484DC18F5DF3B008C38A3 /* Images.xcassets */ = {isa = PBXFileReference; lastKnownFileType = folder.assetcatalog; path = Images.xcassets; sourceTree = "<group>"; };
		603484E218F5DF3B008C38A3 /* _19_ViewsTestTests.xctest */ = {isa = PBXFileReference; explicitFileType = wrapper.cfbundle; includeInIndex = 0; path = _19_ViewsTestTests.xctest; sourceTree = BUILT_PRODUCTS_DIR; };
		603484E318F5DF3B008C38A3 /* XCTest.framework */ = {isa = PBXFileReference; lastKnownFileType = wrapper.framework; name = XCTest.framework; path = Library/Frameworks/XCTest.framework; sourceTree = DEVELOPER_DIR; };
		603484EB18F5DF3B008C38A3 /* _19_ViewsTestTests-Info.plist */ = {isa = PBXFileReference; lastKnownFileType = text.plist.xml; path = "_19_ViewsTestTests-Info.plist"; sourceTree = "<group>"; };
		603484ED18F5DF3B008C38A3 /* en */ = {isa = PBXFileReference; lastKnownFileType = text.plist.strings; name = en; path = en.lproj/InfoPlist.strings; sourceTree = "<group>"; };
		603484EF18F5DF3B008C38A3 /* _19_ViewsTestTests.m */ = {isa = PBXFileReference; lastKnownFileType = sourcecode.c.objc; path = _19_ViewsTestTests.m; sourceTree = "<group>"; };
/* End PBXFileReference section */

/* Begin PBXFrameworksBuildPhase section */
		603484BE18F5DF3A008C38A3 /* Frameworks */ = {
			isa = PBXFrameworksBuildPhase;
			buildActionMask = 2147483647;
			files = (
				603484C718F5DF3A008C38A3 /* CoreGraphics.framework in Frameworks */,
				603484C918F5DF3A008C38A3 /* UIKit.framework in Frameworks */,
				603484C518F5DF3A008C38A3 /* Foundation.framework in Frameworks */,
			);
			runOnlyForDeploymentPostprocessing = 0;
		};
		603484DF18F5DF3B008C38A3 /* Frameworks */ = {
			isa = PBXFrameworksBuildPhase;
			buildActionMask = 2147483647;
			files = (
				603484E418F5DF3B008C38A3 /* XCTest.framework in Frameworks */,
				603484E618F5DF3B008C38A3 /* UIKit.framework in Frameworks */,
				603484E518F5DF3B008C38A3 /* Foundation.framework in Frameworks */,
			);
			runOnlyForDeploymentPostprocessing = 0;
		};
/* End PBXFrameworksBuildPhase section */

/* Begin PBXGroup section */
		603484B818F5DF3A008C38A3 = {
			isa = PBXGroup;
			children = (
				603484CA18F5DF3A008C38A3 /* _19_ViewsTest */,
				603484E918F5DF3B008C38A3 /* _19_ViewsTestTests */,
				603484C318F5DF3A008C38A3 /* Frameworks */,
				603484C218F5DF3A008C38A3 /* Products */,
			);
			sourceTree = "<group>";
		};
		603484C218F5DF3A008C38A3 /* Products */ = {
			isa = PBXGroup;
			children = (
				603484C118F5DF3A008C38A3 /* _19_ViewsTest.app */,
				603484E218F5DF3B008C38A3 /* _19_ViewsTestTests.xctest */,
			);
			name = Products;
			sourceTree = "<group>";
		};
		603484C318F5DF3A008C38A3 /* Frameworks */ = {
			isa = PBXGroup;
			children = (
				603484C418F5DF3A008C38A3 /* Foundation.framework */,
				603484C618F5DF3A008C38A3 /* CoreGraphics.framework */,
				603484C818F5DF3A008C38A3 /* UIKit.framework */,
				603484E318F5DF3B008C38A3 /* XCTest.framework */,
			);
			name = Frameworks;
			sourceTree = "<group>";
		};
		603484CA18F5DF3A008C38A3 /* _19_ViewsTest */ = {
			isa = PBXGroup;
			children = (
				603484D318F5DF3A008C38A3 /* AppDelegate.h */,
				603484D418F5DF3A008C38A3 /* AppDelegate.m */,
				603484D618F5DF3B008C38A3 /* Main.storyboard */,
				603484D918F5DF3B008C38A3 /* ViewController.h */,
				603484DA18F5DF3B008C38A3 /* ViewController.m */,
				603484DC18F5DF3B008C38A3 /* Images.xcassets */,
				603484CB18F5DF3A008C38A3 /* Supporting Files */,
			);
			path = _19_ViewsTest;
			sourceTree = "<group>";
		};
		603484CB18F5DF3A008C38A3 /* Supporting Files */ = {
			isa = PBXGroup;
			children = (
				603484CC18F5DF3A008C38A3 /* _19_ViewsTest-Info.plist */,
				603484CD18F5DF3A008C38A3 /* InfoPlist.strings */,
				603484D018F5DF3A008C38A3 /* main.m */,
				603484D218F5DF3A008C38A3 /* _19_ViewsTest-Prefix.pch */,
			);
			name = "Supporting Files";
			sourceTree = "<group>";
		};
		603484E918F5DF3B008C38A3 /* _19_ViewsTestTests */ = {
			isa = PBXGroup;
			children = (
				603484EF18F5DF3B008C38A3 /* _19_ViewsTestTests.m */,
				603484EA18F5DF3B008C38A3 /* Supporting Files */,
			);
			path = _19_ViewsTestTests;
			sourceTree = "<group>";
		};
		603484EA18F5DF3B008C38A3 /* Supporting Files */ = {
			isa = PBXGroup;
			children = (
				603484EB18F5DF3B008C38A3 /* _19_ViewsTestTests-Info.plist */,
				603484EC18F5DF3B008C38A3 /* InfoPlist.strings */,
			);
			name = "Supporting Files";
			sourceTree = "<group>";
		};
/* End PBXGroup section */

/* Begin PBXNativeTarget section */
		603484C018F5DF3A008C38A3 /* _19_ViewsTest */ = {
			isa = PBXNativeTarget;
			buildConfigurationList = 603484F318F5DF3B008C38A3 /* Build configuration list for PBXNativeTarget "_19_ViewsTest" */;
			buildPhases = (
				603484BD18F5DF3A008C38A3 /* Sources */,
				603484BE18F5DF3A008C38A3 /* Frameworks */,
				603484BF18F5DF3A008C38A3 /* Resources */,
			);
			buildRules = (
			);
			dependencies = (
			);
			name = _19_ViewsTest;
			productName = _19_ViewsTest;
			productReference = 603484C118F5DF3A008C38A3 /* _19_ViewsTest.app */;
			productType = "com.apple.product-type.application";
		};
		603484E118F5DF3B008C38A3 /* _19_ViewsTestTests */ = {
			isa = PBXNativeTarget;
			buildConfigurationList = 603484F618F5DF3B008C38A3 /* Build configuration list for PBXNativeTarget "_19_ViewsTestTests" */;
			buildPhases = (
				603484DE18F5DF3B008C38A3 /* Sources */,
				603484DF18F5DF3B008C38A3 /* Frameworks */,
				603484E018F5DF3B008C38A3 /* Resources */,
			);
			buildRules = (
			);
			dependencies = (
				603484E818F5DF3B008C38A3 /* PBXTargetDependency */,
			);
			name = _19_ViewsTestTests;
			productName = _19_ViewsTestTests;
			productReference = 603484E218F5DF3B008C38A3 /* _19_ViewsTestTests.xctest */;
			productType = "com.apple.product-type.bundle.unit-test";
		};
/* End PBXNativeTarget section */

/* Begin PBXProject section */
		603484B918F5DF3A008C38A3 /* Project object */ = {
			isa = PBXProject;
			attributes = {
				LastUpgradeCheck = 0510;
				ORGANIZATIONNAME = Evgenia;
				TargetAttributes = {
					603484E118F5DF3B008C38A3 = {
						TestTargetID = 603484C018F5DF3A008C38A3;
					};
				};
			};
			buildConfigurationList = 603484BC18F5DF3A008C38A3 /* Build configuration list for PBXProject "_19_ViewsTest" */;
			compatibilityVersion = "Xcode 3.2";
			developmentRegion = English;
			hasScannedForEncodings = 0;
			knownRegions = (
				en,
				Base,
			);
			mainGroup = 603484B818F5DF3A008C38A3;
			productRefGroup = 603484C218F5DF3A008C38A3 /* Products */;
			projectDirPath = "";
			projectRoot = "";
			targets = (
				603484C018F5DF3A008C38A3 /* _19_ViewsTest */,
				603484E118F5DF3B008C38A3 /* _19_ViewsTestTests */,
			);
		};
/* End PBXProject section */

/* Begin PBXResourcesBuildPhase section */
		603484BF18F5DF3A008C38A3 /* Resources */ = {
			isa = PBXResourcesBuildPhase;
			buildActionMask = 2147483647;
			files = (
				603484DD18F5DF3B008C38A3 /* Images.xcassets in Resources */,
				603484CF18F5DF3A008C38A3 /* InfoPlist.strings in Resources */,
				603484D818F5DF3B008C38A3 /* Main.storyboard in Resources */,
			);
			runOnlyForDeploymentPostprocessing = 0;
		};
		603484E018F5DF3B008C38A3 /* Resources */ = {
			isa = PBXResourcesBuildPhase;
			buildActionMask = 2147483647;
			files = (
				603484EE18F5DF3B008C38A3 /* InfoPlist.strings in Resources */,
			);
			runOnlyForDeploymentPostprocessing = 0;
		};
/* End PBXResourcesBuildPhase section */

/* Begin PBXSourcesBuildPhase section */
		603484BD18F5DF3A008C38A3 /* Sources */ = {
			isa = PBXSourcesBuildPhase;
			buildActionMask = 2147483647;
			files = (
				603484DB18F5DF3B008C38A3 /* ViewController.m in Sources */,
				603484D518F5DF3A008C38A3 /* AppDelegate.m in Sources */,
				603484D118F5DF3A008C38A3 /* main.m in Sources */,
			);
			runOnlyForDeploymentPostprocessing = 0;
		};
		603484DE18F5DF3B008C38A3 /* Sources */ = {
			isa = PBXSourcesBuildPhase;
			buildActionMask = 2147483647;
			files = (
				603484F018F5DF3B008C38A3 /* _19_ViewsTestTests.m in Sources */,
			);
			runOnlyForDeploymentPostprocessing = 0;
		};
/* End PBXSourcesBuildPhase section */

/* Begin PBXTargetDependency section */
		603484E818F5DF3B008C38A3 /* PBXTargetDependency */ = {
			isa = PBXTargetDependency;
			target = 603484C018F5DF3A008C38A3 /* _19_ViewsTest */;
			targetProxy = 603484E718F5DF3B008C38A3 /* PBXContainerItemProxy */;
		};
/* End PBXTargetDependency section */

/* Begin PBXVariantGroup section */
		603484CD18F5DF3A008C38A3 /* InfoPlist.strings */ = {
			isa = PBXVariantGroup;
			children = (
				603484CE18F5DF3A008C38A3 /* en */,
			);
			name = InfoPlist.strings;
			sourceTree = "<group>";
		};
		603484D618F5DF3B008C38A3 /* Main.storyboard */ = {
			isa = PBXVariantGroup;
			children = (
				603484D718F5DF3B008C38A3 /* Base */,
			);
			name = Main.storyboard;
			sourceTree = "<group>";
		};
		603484EC18F5DF3B008C38A3 /* InfoPlist.strings */ = {
			isa = PBXVariantGroup;
			children = (
				603484ED18F5DF3B008C38A3 /* en */,
			);
			name = InfoPlist.strings;
			sourceTree = "<group>";
		};
/* End PBXVariantGroup section */

/* Begin XCBuildConfiguration section */
		603484F118F5DF3B008C38A3 /* Debug */ = {
			isa = XCBuildConfiguration;
			buildSettings = {
				ALWAYS_SEARCH_USER_PATHS = NO;
				CLANG_CXX_LANGUAGE_STANDARD = "gnu++0x";
				CLANG_CXX_LIBRARY = "libc++";
				CLANG_ENABLE_MODULES = YES;
				CLANG_ENABLE_OBJC_ARC = YES;
				CLANG_WARN_BOOL_CONVERSION = YES;
				CLANG_WARN_CONSTANT_CONVERSION = YES;
				CLANG_WARN_DIRECT_OBJC_ISA_USAGE = YES_ERROR;
				CLANG_WARN_EMPTY_BODY = YES;
				CLANG_WARN_ENUM_CONVERSION = YES;
				CLANG_WARN_INT_CONVERSION = YES;
				CLANG_WARN_OBJC_ROOT_CLASS = YES_ERROR;
				CLANG_WARN__DUPLICATE_METHOD_MATCH = YES;
				"CODE_SIGN_IDENTITY[sdk=iphoneos*]" = "iPhone Developer";
				COPY_PHASE_STRIP = NO;
				GCC_C_LANGUAGE_STANDARD = gnu99;
				GCC_DYNAMIC_NO_PIC = NO;
				GCC_OPTIMIZATION_LEVEL = 0;
				GCC_PREPROCESSOR_DEFINITIONS = (
					"DEBUG=1",
					"$(inherited)",
				);
				GCC_SYMBOLS_PRIVATE_EXTERN = NO;
				GCC_WARN_64_TO_32_BIT_CONVERSION = YES;
				GCC_WARN_ABOUT_RETURN_TYPE = YES_ERROR;
				GCC_WARN_UNDECLARED_SELECTOR = YES;
				GCC_WARN_UNINITIALIZED_AUTOS = YES_AGGRESSIVE;
				GCC_WARN_UNUSED_FUNCTION = YES;
				GCC_WARN_UNUSED_VARIABLE = YES;
				IPHONEOS_DEPLOYMENT_TARGET = 7.1;
				ONLY_ACTIVE_ARCH = YES;
				SDKROOT = iphoneos;
			};
			name = Debug;
		};
		603484F218F5DF3B008C38A3 /* Release */ = {
			isa = XCBuildConfiguration;
			buildSettings = {
				ALWAYS_SEARCH_USER_PATHS = NO;
				CLANG_CXX_LANGUAGE_STANDARD = "gnu++0x";
				CLANG_CXX_LIBRARY = "libc++";
				CLANG_ENABLE_MODULES = YES;
				CLANG_ENABLE_OBJC_ARC = YES;
				CLANG_WARN_BOOL_CONVERSION = YES;
				CLANG_WARN_CONSTANT_CONVERSION = YES;
				CLANG_WARN_DIRECT_OBJC_ISA_USAGE = YES_ERROR;
				CLANG_WARN_EMPTY_BODY = YES;
				CLANG_WARN_ENUM_CONVERSION = YES;
				CLANG_WARN_INT_CONVERSION = YES;
				CLANG_WARN_OBJC_ROOT_CLASS = YES_ERROR;
				CLANG_WARN__DUPLICATE_METHOD_MATCH = YES;
				"CODE_SIGN_IDENTITY[sdk=iphoneos*]" = "iPhone Developer";
				COPY_PHASE_STRIP = YES;
				ENABLE_NS_ASSERTIONS = NO;
				GCC_C_LANGUAGE_STANDARD = gnu99;
				GCC_WARN_64_TO_32_BIT_CONVERSION = YES;
				GCC_WARN_ABOUT_RETURN_TYPE = YES_ERROR;
				GCC_WARN_UNDECLARED_SELECTOR = YES;
				GCC_WARN_UNINITIALIZED_AUTOS = YES_AGGRESSIVE;
				GCC_WARN_UNUSED_FUNCTION = YES;
				GCC_WARN_UNUSED_VARIABLE = YES;
				IPHONEOS_DEPLOYMENT_TARGET = 7.1;
				SDKROOT = iphoneos;
				VALIDATE_PRODUCT = YES;
			};
			name = Release;
		};
		603484F418F5DF3B008C38A3 /* Debug */ = {
			isa = XCBuildConfiguration;
			buildSettings = {
				ASSETCATALOG_COMPILER_APPICON_NAME = AppIcon;
				ASSETCATALOG_COMPILER_LAUNCHIMAGE_NAME = LaunchImage;
				GCC_PRECOMPILE_PREFIX_HEADER = YES;
				GCC_PREFIX_HEADER = "_19_ViewsTest/_19_ViewsTest-Prefix.pch";
				INFOPLIST_FILE = "_19_ViewsTest/_19_ViewsTest-Info.plist";
				IPHONEOS_DEPLOYMENT_TARGET = 7.1;
				PRODUCT_NAME = "$(TARGET_NAME)";
				TARGETED_DEVICE_FAMILY = "1,2";
				WRAPPER_EXTENSION = app;
			};
			name = Debug;
		};
		603484F518F5DF3B008C38A3 /* Release */ = {
			isa = XCBuildConfiguration;
			buildSettings = {
				ASSETCATALOG_COMPILER_APPICON_NAME = AppIcon;
				ASSETCATALOG_COMPILER_LAUNCHIMAGE_NAME = LaunchImage;
				GCC_PRECOMPILE_PREFIX_HEADER = YES;
				GCC_PREFIX_HEADER = "_19_ViewsTest/_19_ViewsTest-Prefix.pch";
				INFOPLIST_FILE = "_19_ViewsTest/_19_ViewsTest-Info.plist";
				IPHONEOS_DEPLOYMENT_TARGET = 7.1;
				PRODUCT_NAME = "$(TARGET_NAME)";
				TARGETED_DEVICE_FAMILY = "1,2";
				WRAPPER_EXTENSION = app;
			};
			name = Release;
		};
		603484F718F5DF3B008C38A3 /* Debug */ = {
			isa = XCBuildConfiguration;
			buildSettings = {
				BUNDLE_LOADER = "$(BUILT_PRODUCTS_DIR)/_19_ViewsTest.app/_19_ViewsTest";
				FRAMEWORK_SEARCH_PATHS = (
					"$(SDKROOT)/Developer/Library/Frameworks",
					"$(inherited)",
					"$(DEVELOPER_FRAMEWORKS_DIR)",
				);
				GCC_PRECOMPILE_PREFIX_HEADER = YES;
				GCC_PREFIX_HEADER = "_19_ViewsTest/_19_ViewsTest-Prefix.pch";
				GCC_PREPROCESSOR_DEFINITIONS = (
					"DEBUG=1",
					"$(inherited)",
				);
				INFOPLIST_FILE = "_19_ViewsTestTests/_19_ViewsTestTests-Info.plist";
				PRODUCT_NAME = "$(TARGET_NAME)";
				TEST_HOST = "$(BUNDLE_LOADER)";
				WRAPPER_EXTENSION = xctest;
			};
			name = Debug;
		};
		603484F818F5DF3B008C38A3 /* Release */ = {
			isa = XCBuildConfiguration;
			buildSettings = {
				BUNDLE_LOADER = "$(BUILT_PRODUCTS_DIR)/_19_ViewsTest.app/_19_ViewsTest";
				FRAMEWORK_SEARCH_PATHS = (
					"$(SDKROOT)/Developer/Library/Frameworks",
					"$(inherited)",
					"$(DEVELOPER_FRAMEWORKS_DIR)",
				);
				GCC_PRECOMPILE_PREFIX_HEADER = YES;
				GCC_PREFIX_HEADER = "_19_ViewsTest/_19_ViewsTest-Prefix.pch";
				INFOPLIST_FILE = "_19_ViewsTestTests/_19_ViewsTestTests-Info.plist";
				PRODUCT_NAME = "$(TARGET_NAME)";
				TEST_HOST = "$(BUNDLE_LOADER)";
				WRAPPER_EXTENSION = xctest;
			};
			name = Release;
		};
/* End XCBuildConfiguration section */

/* Begin XCConfigurationList section */
		603484BC18F5DF3A008C38A3 /* Build configuration list for PBXProject "_19_ViewsTest" */ = {
			isa = XCConfigurationList;
			buildConfigurations = (
				603484F118F5DF3B008C38A3 /* Debug */,
				603484F218F5DF3B008C38A3 /* Release */,
			);
			defaultConfigurationIsVisible = 0;
			defaultConfigurationName = Release;
		};
		603484F318F5DF3B008C38A3 /* Build configuration list for PBXNativeTarget "_19_ViewsTest" */ = {
			isa = XCConfigurationList;
			buildConfigurations = (
				603484F418F5DF3B008C38A3 /* Debug */,
				603484F518F5DF3B008C38A3 /* Release */,
			);
			defaultConfigurationIsVisible = 0;
		};
		603484F618F5DF3B008C38A3 /* Build configuration list for PBXNativeTarget "_19_ViewsTestTests" */ = {
			isa = XCConfigurationList;
			buildConfigurations = (
				603484F718F5DF3B008C38A3 /* Debug */,
				603484F818F5DF3B008C38A3 /* Release */,
			);
			defaultConfigurationIsVisible = 0;
		};
/* End XCConfigurationList section */
	};
	rootObject = 603484B918F5DF3A008C38A3 /* Project object */;
}
